// !$*UTF8*$!
{
	archiveVersion = 1;
	classes = {
	};
	objectVersion = 56;
	objects = {

/* Begin PBXBuildFile section */
		38402A12298F6BD400E3FD0D /* ImageDownloader.swift in Sources */ = {isa = PBXBuildFile; fileRef = 38402A11298F6BD400E3FD0D /* ImageDownloader.swift */; };
		38402A14298F6C0600E3FD0D /* GameModel.swift in Sources */ = {isa = PBXBuildFile; fileRef = 38402A13298F6C0600E3FD0D /* GameModel.swift */; };
		38402A16298F723500E3FD0D /* NetworkService.swift in Sources */ = {isa = PBXBuildFile; fileRef = 38402A15298F723500E3FD0D /* NetworkService.swift */; };
		387EA74A298FD728003B3591 /* GameDetailModel.swift in Sources */ = {isa = PBXBuildFile; fileRef = 387EA749298FD728003B3591 /* GameDetailModel.swift */; };
		387EA74C298FD9C6003B3591 /* GameDetailResponse.swift in Sources */ = {isa = PBXBuildFile; fileRef = 387EA74B298FD9C6003B3591 /* GameDetailResponse.swift */; };
		3890EB8829B9BC1500319765 /* mockup:proyek1.png in Resources */ = {isa = PBXBuildFile; fileRef = 3890EB8729B9BC1500319765 /* mockup:proyek1.png */; };
		38C7FBB3298F3F1F003436E1 /* AppDelegate.swift in Sources */ = {isa = PBXBuildFile; fileRef = 38C7FBB2298F3F1F003436E1 /* AppDelegate.swift */; };
		38C7FBB5298F3F1F003436E1 /* SceneDelegate.swift in Sources */ = {isa = PBXBuildFile; fileRef = 38C7FBB4298F3F1F003436E1 /* SceneDelegate.swift */; };
		38C7FBB7298F3F1F003436E1 /* ViewController.swift in Sources */ = {isa = PBXBuildFile; fileRef = 38C7FBB6298F3F1F003436E1 /* ViewController.swift */; };
		38C7FBBA298F3F1F003436E1 /* Main.storyboard in Resources */ = {isa = PBXBuildFile; fileRef = 38C7FBB8298F3F1F003436E1 /* Main.storyboard */; };
		38C7FBBC298F3F21003436E1 /* Assets.xcassets in Resources */ = {isa = PBXBuildFile; fileRef = 38C7FBBB298F3F21003436E1 /* Assets.xcassets */; };
		38C7FBBF298F3F21003436E1 /* LaunchScreen.storyboard in Resources */ = {isa = PBXBuildFile; fileRef = 38C7FBBD298F3F21003436E1 /* LaunchScreen.storyboard */; };
		38C7FBC7298F41FE003436E1 /* AboutViewController.swift in Sources */ = {isa = PBXBuildFile; fileRef = 38C7FBC6298F41FE003436E1 /* AboutViewController.swift */; };
		38C7FBCD298F49B8003436E1 /* GameTableViewCell.swift in Sources */ = {isa = PBXBuildFile; fileRef = 38C7FBCB298F49B8003436E1 /* GameTableViewCell.swift */; };
		38C7FBCE298F49B8003436E1 /* GameTableViewCell.xib in Resources */ = {isa = PBXBuildFile; fileRef = 38C7FBCC298F49B8003436E1 /* GameTableViewCell.xib */; };
		38C7FBD0298F52C7003436E1 /* DetailViewController.swift in Sources */ = {isa = PBXBuildFile; fileRef = 38C7FBCF298F52C7003436E1 /* DetailViewController.swift */; };
/* End PBXBuildFile section */

/* Begin PBXFileReference section */
		38402A11298F6BD400E3FD0D /* ImageDownloader.swift */ = {isa = PBXFileReference; lastKnownFileType = sourcecode.swift; path = ImageDownloader.swift; sourceTree = "<group>"; };
		38402A13298F6C0600E3FD0D /* GameModel.swift */ = {isa = PBXFileReference; lastKnownFileType = sourcecode.swift; path = GameModel.swift; sourceTree = "<group>"; };
		38402A15298F723500E3FD0D /* NetworkService.swift */ = {isa = PBXFileReference; lastKnownFileType = sourcecode.swift; path = NetworkService.swift; sourceTree = "<group>"; };
		387EA749298FD728003B3591 /* GameDetailModel.swift */ = {isa = PBXFileReference; lastKnownFileType = sourcecode.swift; path = GameDetailModel.swift; sourceTree = "<group>"; };
		387EA74B298FD9C6003B3591 /* GameDetailResponse.swift */ = {isa = PBXFileReference; lastKnownFileType = sourcecode.swift; path = GameDetailResponse.swift; sourceTree = "<group>"; };
		3890EB8729B9BC1500319765 /* mockup:proyek1.png */ = {isa = PBXFileReference; lastKnownFileType = image.png; path = "mockup:proyek1.png"; sourceTree = "<group>"; };
		38C7FBAF298F3F1F003436E1 /* Game App.app */ = {isa = PBXFileReference; explicitFileType = wrapper.application; includeInIndex = 0; path = "Game App.app"; sourceTree = BUILT_PRODUCTS_DIR; };
		38C7FBB2298F3F1F003436E1 /* AppDelegate.swift */ = {isa = PBXFileReference; lastKnownFileType = sourcecode.swift; path = AppDelegate.swift; sourceTree = "<group>"; };
		38C7FBB4298F3F1F003436E1 /* SceneDelegate.swift */ = {isa = PBXFileReference; lastKnownFileType = sourcecode.swift; path = SceneDelegate.swift; sourceTree = "<group>"; };
		38C7FBB6298F3F1F003436E1 /* ViewController.swift */ = {isa = PBXFileReference; lastKnownFileType = sourcecode.swift; path = ViewController.swift; sourceTree = "<group>"; };
		38C7FBB9298F3F1F003436E1 /* Base */ = {isa = PBXFileReference; lastKnownFileType = file.storyboard; name = Base; path = Base.lproj/Main.storyboard; sourceTree = "<group>"; };
		38C7FBBB298F3F21003436E1 /* Assets.xcassets */ = {isa = PBXFileReference; lastKnownFileType = folder.assetcatalog; path = Assets.xcassets; sourceTree = "<group>"; };
		38C7FBBE298F3F21003436E1 /* Base */ = {isa = PBXFileReference; lastKnownFileType = file.storyboard; name = Base; path = Base.lproj/LaunchScreen.storyboard; sourceTree = "<group>"; };
		38C7FBC0298F3F21003436E1 /* Info.plist */ = {isa = PBXFileReference; lastKnownFileType = text.plist.xml; path = Info.plist; sourceTree = "<group>"; };
		38C7FBC6298F41FE003436E1 /* AboutViewController.swift */ = {isa = PBXFileReference; lastKnownFileType = sourcecode.swift; path = AboutViewController.swift; sourceTree = "<group>"; };
		38C7FBCB298F49B8003436E1 /* GameTableViewCell.swift */ = {isa = PBXFileReference; lastKnownFileType = sourcecode.swift; path = GameTableViewCell.swift; sourceTree = "<group>"; };
		38C7FBCC298F49B8003436E1 /* GameTableViewCell.xib */ = {isa = PBXFileReference; lastKnownFileType = file.xib; path = GameTableViewCell.xib; sourceTree = "<group>"; };
		38C7FBCF298F52C7003436E1 /* DetailViewController.swift */ = {isa = PBXFileReference; lastKnownFileType = sourcecode.swift; path = DetailViewController.swift; sourceTree = "<group>"; };
/* End PBXFileReference section */

/* Begin PBXFrameworksBuildPhase section */
		38C7FBAC298F3F1F003436E1 /* Frameworks */ = {
			isa = PBXFrameworksBuildPhase;
			buildActionMask = 2147483647;
			files = (
			);
			runOnlyForDeploymentPostprocessing = 0;
		};
/* End PBXFrameworksBuildPhase section */

/* Begin PBXGroup section */
		38402A10298F6BA900E3FD0D /* NetworkSource */ = {
			isa = PBXGroup;
			children = (
				38402A11298F6BD400E3FD0D /* ImageDownloader.swift */,
				38402A13298F6C0600E3FD0D /* GameModel.swift */,
				38402A15298F723500E3FD0D /* NetworkService.swift */,
				387EA749298FD728003B3591 /* GameDetailModel.swift */,
				387EA74B298FD9C6003B3591 /* GameDetailResponse.swift */,
			);
			path = NetworkSource;
			sourceTree = "<group>";
		};
		38C7FBA6298F3F1F003436E1 = {
			isa = PBXGroup;
			children = (
				38C7FBB1298F3F1F003436E1 /* Game App */,
				38C7FBB0298F3F1F003436E1 /* Products */,
			);
			sourceTree = "<group>";
		};
		38C7FBB0298F3F1F003436E1 /* Products */ = {
			isa = PBXGroup;
			children = (
				38C7FBAF298F3F1F003436E1 /* Game App.app */,
			);
			name = Products;
			sourceTree = "<group>";
		};
		38C7FBB1298F3F1F003436E1 /* Game App */ = {
			isa = PBXGroup;
			children = (
				3890EB8729B9BC1500319765 /* mockup:proyek1.png */,
				38402A10298F6BA900E3FD0D /* NetworkSource */,
				38C7FBC8298F46FA003436E1 /* App */,
				38C7FBC9298F4721003436E1 /* FileSystem */,
				38C7FBCA298F4742003436E1 /* View */,
			);
			path = "Game App";
			sourceTree = "<group>";
		};
		38C7FBC8298F46FA003436E1 /* App */ = {
			isa = PBXGroup;
			children = (
				38C7FBB2298F3F1F003436E1 /* AppDelegate.swift */,
				38C7FBB4298F3F1F003436E1 /* SceneDelegate.swift */,
			);
			path = App;
			sourceTree = "<group>";
		};
		38C7FBC9298F4721003436E1 /* FileSystem */ = {
			isa = PBXGroup;
			children = (
				38C7FBBB298F3F21003436E1 /* Assets.xcassets */,
				38C7FBBD298F3F21003436E1 /* LaunchScreen.storyboard */,
				38C7FBC0298F3F21003436E1 /* Info.plist */,
			);
			path = FileSystem;
			sourceTree = "<group>";
		};
		38C7FBCA298F4742003436E1 /* View */ = {
			isa = PBXGroup;
			children = (
				38C7FBB6298F3F1F003436E1 /* ViewController.swift */,
				38C7FBB8298F3F1F003436E1 /* Main.storyboard */,
				38C7FBC6298F41FE003436E1 /* AboutViewController.swift */,
				38C7FBCB298F49B8003436E1 /* GameTableViewCell.swift */,
				38C7FBCC298F49B8003436E1 /* GameTableViewCell.xib */,
				38C7FBCF298F52C7003436E1 /* DetailViewController.swift */,
			);
			path = View;
			sourceTree = "<group>";
		};
/* End PBXGroup section */

/* Begin PBXNativeTarget section */
		38C7FBAE298F3F1F003436E1 /* Game App */ = {
			isa = PBXNativeTarget;
			buildConfigurationList = 38C7FBC3298F3F21003436E1 /* Build configuration list for PBXNativeTarget "Game App" */;
			buildPhases = (
				38C7FBAB298F3F1F003436E1 /* Sources */,
				38C7FBAC298F3F1F003436E1 /* Frameworks */,
				38C7FBAD298F3F1F003436E1 /* Resources */,
			);
			buildRules = (
			);
			dependencies = (
			);
			name = "Game App";
			productName = "Game App";
			productReference = 38C7FBAF298F3F1F003436E1 /* Game App.app */;
			productType = "com.apple.product-type.application";
		};
/* End PBXNativeTarget section */

/* Begin PBXProject section */
		38C7FBA7298F3F1F003436E1 /* Project object */ = {
			isa = PBXProject;
			attributes = {
				BuildIndependentTargetsInParallel = 1;
				LastSwiftUpdateCheck = 1420;
				LastUpgradeCheck = 1420;
				TargetAttributes = {
					38C7FBAE298F3F1F003436E1 = {
						CreatedOnToolsVersion = 14.2;
					};
				};
			};
			buildConfigurationList = 38C7FBAA298F3F1F003436E1 /* Build configuration list for PBXProject "Game App" */;
			compatibilityVersion = "Xcode 14.0";
			developmentRegion = en;
			hasScannedForEncodings = 0;
			knownRegions = (
				en,
				Base,
			);
			mainGroup = 38C7FBA6298F3F1F003436E1;
			productRefGroup = 38C7FBB0298F3F1F003436E1 /* Products */;
			projectDirPath = "";
			projectRoot = "";
			targets = (
				38C7FBAE298F3F1F003436E1 /* Game App */,
			);
		};
/* End PBXProject section */

/* Begin PBXResourcesBuildPhase section */
		38C7FBAD298F3F1F003436E1 /* Resources */ = {
			isa = PBXResourcesBuildPhase;
			buildActionMask = 2147483647;
			files = (
				38C7FBBF298F3F21003436E1 /* LaunchScreen.storyboard in Resources */,
				38C7FBBC298F3F21003436E1 /* Assets.xcassets in Resources */,
				3890EB8829B9BC1500319765 /* mockup:proyek1.png in Resources */,
				38C7FBBA298F3F1F003436E1 /* Main.storyboard in Resources */,
				38C7FBCE298F49B8003436E1 /* GameTableViewCell.xib in Resources */,
			);
			runOnlyForDeploymentPostprocessing = 0;
		};
/* End PBXResourcesBuildPhase section */

/* Begin PBXSourcesBuildPhase section */
		38C7FBAB298F3F1F003436E1 /* Sources */ = {
			isa = PBXSourcesBuildPhase;
			buildActionMask = 2147483647;
			files = (
				38C7FBCD298F49B8003436E1 /* GameTableViewCell.swift in Sources */,
				38C7FBB7298F3F1F003436E1 /* ViewController.swift in Sources */,
				38402A12298F6BD400E3FD0D /* ImageDownloader.swift in Sources */,
				38C7FBB3298F3F1F003436E1 /* AppDelegate.swift in Sources */,
				387EA74A298FD728003B3591 /* GameDetailModel.swift in Sources */,
				38402A16298F723500E3FD0D /* NetworkService.swift in Sources */,
				38C7FBD0298F52C7003436E1 /* DetailViewController.swift in Sources */,
				387EA74C298FD9C6003B3591 /* GameDetailResponse.swift in Sources */,
				38402A14298F6C0600E3FD0D /* GameModel.swift in Sources */,
				38C7FBC7298F41FE003436E1 /* AboutViewController.swift in Sources */,
				38C7FBB5298F3F1F003436E1 /* SceneDelegate.swift in Sources */,
			);
			runOnlyForDeploymentPostprocessing = 0;
		};
/* End PBXSourcesBuildPhase section */

/* Begin PBXVariantGroup section */
		38C7FBB8298F3F1F003436E1 /* Main.storyboard */ = {
			isa = PBXVariantGroup;
			children = (
				38C7FBB9298F3F1F003436E1 /* Base */,
			);
			name = Main.storyboard;
			sourceTree = "<group>";
		};
		38C7FBBD298F3F21003436E1 /* LaunchScreen.storyboard */ = {
			isa = PBXVariantGroup;
			children = (
				38C7FBBE298F3F21003436E1 /* Base */,
			);
			name = LaunchScreen.storyboard;
			sourceTree = "<group>";
		};
/* End PBXVariantGroup section */

/* Begin XCBuildConfiguration section */
		38C7FBC1298F3F21003436E1 /* Debug */ = {
			isa = XCBuildConfiguration;
			buildSettings = {
				ALWAYS_SEARCH_USER_PATHS = NO;
				CLANG_ANALYZER_NONNULL = YES;
				CLANG_ANALYZER_NUMBER_OBJECT_CONVERSION = YES_AGGRESSIVE;
				CLANG_CXX_LANGUAGE_STANDARD = "gnu++20";
				CLANG_ENABLE_MODULES = YES;
				CLANG_ENABLE_OBJC_ARC = YES;
				CLANG_ENABLE_OBJC_WEAK = YES;
				CLANG_WARN_BLOCK_CAPTURE_AUTORELEASING = YES;
				CLANG_WARN_BOOL_CONVERSION = YES;
				CLANG_WARN_COMMA = YES;
				CLANG_WARN_CONSTANT_CONVERSION = YES;
				CLANG_WARN_DEPRECATED_OBJC_IMPLEMENTATIONS = YES;
				CLANG_WARN_DIRECT_OBJC_ISA_USAGE = YES_ERROR;
				CLANG_WARN_DOCUMENTATION_COMMENTS = YES;
				CLANG_WARN_EMPTY_BODY = YES;
				CLANG_WARN_ENUM_CONVERSION = YES;
				CLANG_WARN_INFINITE_RECURSION = YES;
				CLANG_WARN_INT_CONVERSION = YES;
				CLANG_WARN_NON_LITERAL_NULL_CONVERSION = YES;
				CLANG_WARN_OBJC_IMPLICIT_RETAIN_SELF = YES;
				CLANG_WARN_OBJC_LITERAL_CONVERSION = YES;
				CLANG_WARN_OBJC_ROOT_CLASS = YES_ERROR;
				CLANG_WARN_QUOTED_INCLUDE_IN_FRAMEWORK_HEADER = YES;
				CLANG_WARN_RANGE_LOOP_ANALYSIS = YES;
				CLANG_WARN_STRICT_PROTOTYPES = YES;
				CLANG_WARN_SUSPICIOUS_MOVE = YES;
				CLANG_WARN_UNGUARDED_AVAILABILITY = YES_AGGRESSIVE;
				CLANG_WARN_UNREACHABLE_CODE = YES;
				CLANG_WARN__DUPLICATE_METHOD_MATCH = YES;
				COPY_PHASE_STRIP = NO;
				DEBUG_INFORMATION_FORMAT = dwarf;
				ENABLE_STRICT_OBJC_MSGSEND = YES;
				ENABLE_TESTABILITY = YES;
				GCC_C_LANGUAGE_STANDARD = gnu11;
				GCC_DYNAMIC_NO_PIC = NO;
				GCC_NO_COMMON_BLOCKS = YES;
				GCC_OPTIMIZATION_LEVEL = 0;
				GCC_PREPROCESSOR_DEFINITIONS = (
					"DEBUG=1",
					"$(inherited)",
				);
				GCC_WARN_64_TO_32_BIT_CONVERSION = YES;
				GCC_WARN_ABOUT_RETURN_TYPE = YES_ERROR;
				GCC_WARN_UNDECLARED_SELECTOR = YES;
				GCC_WARN_UNINITIALIZED_AUTOS = YES_AGGRESSIVE;
				GCC_WARN_UNUSED_FUNCTION = YES;
				GCC_WARN_UNUSED_VARIABLE = YES;
				IPHONEOS_DEPLOYMENT_TARGET = 16.2;
				MTL_ENABLE_DEBUG_INFO = INCLUDE_SOURCE;
				MTL_FAST_MATH = YES;
				ONLY_ACTIVE_ARCH = YES;
				SDKROOT = iphoneos;
				SWIFT_ACTIVE_COMPILATION_CONDITIONS = DEBUG;
				SWIFT_OPTIMIZATION_LEVEL = "-Onone";
			};
			name = Debug;
		};
		38C7FBC2298F3F21003436E1 /* Release */ = {
			isa = XCBuildConfiguration;
			buildSettings = {
				ALWAYS_SEARCH_USER_PATHS = NO;
				CLANG_ANALYZER_NONNULL = YES;
				CLANG_ANALYZER_NUMBER_OBJECT_CONVERSION = YES_AGGRESSIVE;
				CLANG_CXX_LANGUAGE_STANDARD = "gnu++20";
				CLANG_ENABLE_MODULES = YES;
				CLANG_ENABLE_OBJC_ARC = YES;
				CLANG_ENABLE_OBJC_WEAK = YES;
				CLANG_WARN_BLOCK_CAPTURE_AUTORELEASING = YES;
				CLANG_WARN_BOOL_CONVERSION = YES;
				CLANG_WARN_COMMA = YES;
				CLANG_WARN_CONSTANT_CONVERSION = YES;
				CLANG_WARN_DEPRECATED_OBJC_IMPLEMENTATIONS = YES;
				CLANG_WARN_DIRECT_OBJC_ISA_USAGE = YES_ERROR;
				CLANG_WARN_DOCUMENTATION_COMMENTS = YES;
				CLANG_WARN_EMPTY_BODY = YES;
				CLANG_WARN_ENUM_CONVERSION = YES;
				CLANG_WARN_INFINITE_RECURSION = YES;
				CLANG_WARN_INT_CONVERSION = YES;
				CLANG_WARN_NON_LITERAL_NULL_CONVERSION = YES;
				CLANG_WARN_OBJC_IMPLICIT_RETAIN_SELF = YES;
				CLANG_WARN_OBJC_LITERAL_CONVERSION = YES;
				CLANG_WARN_OBJC_ROOT_CLASS = YES_ERROR;
				CLANG_WARN_QUOTED_INCLUDE_IN_FRAMEWORK_HEADER = YES;
				CLANG_WARN_RANGE_LOOP_ANALYSIS = YES;
				CLANG_WARN_STRICT_PROTOTYPES = YES;
				CLANG_WARN_SUSPICIOUS_MOVE = YES;
				CLANG_WARN_UNGUARDED_AVAILABILITY = YES_AGGRESSIVE;
				CLANG_WARN_UNREACHABLE_CODE = YES;
				CLANG_WARN__DUPLICATE_METHOD_MATCH = YES;
				COPY_PHASE_STRIP = NO;
				DEBUG_INFORMATION_FORMAT = "dwarf-with-dsym";
				ENABLE_NS_ASSERTIONS = NO;
				ENABLE_STRICT_OBJC_MSGSEND = YES;
				GCC_C_LANGUAGE_STANDARD = gnu11;
				GCC_NO_COMMON_BLOCKS = YES;
				GCC_WARN_64_TO_32_BIT_CONVERSION = YES;
				GCC_WARN_ABOUT_RETURN_TYPE = YES_ERROR;
				GCC_WARN_UNDECLARED_SELECTOR = YES;
				GCC_WARN_UNINITIALIZED_AUTOS = YES_AGGRESSIVE;
				GCC_WARN_UNUSED_FUNCTION = YES;
				GCC_WARN_UNUSED_VARIABLE = YES;
				IPHONEOS_DEPLOYMENT_TARGET = 16.2;
				MTL_ENABLE_DEBUG_INFO = NO;
				MTL_FAST_MATH = YES;
				SDKROOT = iphoneos;
				SWIFT_COMPILATION_MODE = wholemodule;
				SWIFT_OPTIMIZATION_LEVEL = "-O";
				VALIDATE_PRODUCT = YES;
			};
			name = Release;
		};
		38C7FBC4298F3F21003436E1 /* Debug */ = {
			isa = XCBuildConfiguration;
			buildSettings = {
				ASSETCATALOG_COMPILER_APPICON_NAME = AppIcon;
				ASSETCATALOG_COMPILER_GLOBAL_ACCENT_COLOR_NAME = AccentColor;
				CODE_SIGN_STYLE = Automatic;
				CURRENT_PROJECT_VERSION = 1;
				GENERATE_INFOPLIST_FILE = YES;
				INFOPLIST_FILE = "Game App/FileSystem/Info.plist";
				INFOPLIST_KEY_UIApplicationSupportsIndirectInputEvents = YES;
				INFOPLIST_KEY_UILaunchStoryboardName = LaunchScreen;
				INFOPLIST_KEY_UIMainStoryboardFile = Main;
				INFOPLIST_KEY_UISupportedInterfaceOrientations_iPad = "UIInterfaceOrientationPortrait UIInterfaceOrientationPortraitUpsideDown UIInterfaceOrientationLandscapeLeft UIInterfaceOrientationLandscapeRight";
				INFOPLIST_KEY_UISupportedInterfaceOrientations_iPhone = "UIInterfaceOrientationPortrait UIInterfaceOrientationLandscapeLeft UIInterfaceOrientationLandscapeRight";
				LD_RUNPATH_SEARCH_PATHS = (
					"$(inherited)",
					"@executable_path/Frameworks",
				);
				MARKETING_VERSION = 1.0;
				PRODUCT_BUNDLE_IDENTIFIER = "com.ahfasxp.Game-App";
				PRODUCT_NAME = "$(TARGET_NAME)";
				SWIFT_EMIT_LOC_STRINGS = YES;
				SWIFT_VERSION = 5.0;
				TARGETED_DEVICE_FAMILY = "1,2";
			};
			name = Debug;
		};
		38C7FBC5298F3F21003436E1 /* Release */ = {
			isa = XCBuildConfiguration;
			buildSettings = {
				ASSETCATALOG_COMPILER_APPICON_NAME = AppIcon;
				ASSETCATALOG_COMPILER_GLOBAL_ACCENT_COLOR_NAME = AccentColor;
				CODE_SIGN_STYLE = Automatic;
				CURRENT_PROJECT_VERSION = 1;
				GENERATE_INFOPLIST_FILE = YES;
				INFOPLIST_FILE = "Game App/FileSystem/Info.plist";
				INFOPLIST_KEY_UIApplicationSupportsIndirectInputEvents = YES;
				INFOPLIST_KEY_UILaunchStoryboardName = LaunchScreen;
				INFOPLIST_KEY_UIMainStoryboardFile = Main;
				INFOPLIST_KEY_UISupportedInterfaceOrientations_iPad = "UIInterfaceOrientationPortrait UIInterfaceOrientationPortraitUpsideDown UIInterfaceOrientationLandscapeLeft UIInterfaceOrientationLandscapeRight";
				INFOPLIST_KEY_UISupportedInterfaceOrientations_iPhone = "UIInterfaceOrientationPortrait UIInterfaceOrientationLandscapeLeft UIInterfaceOrientationLandscapeRight";
				LD_RUNPATH_SEARCH_PATHS = (
					"$(inherited)",
					"@executable_path/Frameworks",
				);
				MARKETING_VERSION = 1.0;
				PRODUCT_BUNDLE_IDENTIFIER = "com.ahfasxp.Game-App";
				PRODUCT_NAME = "$(TARGET_NAME)";
				SWIFT_EMIT_LOC_STRINGS = YES;
				SWIFT_VERSION = 5.0;
				TARGETED_DEVICE_FAMILY = "1,2";
			};
			name = Release;
		};
/* End XCBuildConfiguration section */

/* Begin XCConfigurationList section */
		38C7FBAA298F3F1F003436E1 /* Build configuration list for PBXProject "Game App" */ = {
			isa = XCConfigurationList;
			buildConfigurations = (
				38C7FBC1298F3F21003436E1 /* Debug */,
				38C7FBC2298F3F21003436E1 /* Release */,
			);
			defaultConfigurationIsVisible = 0;
			defaultConfigurationName = Release;
		};
		38C7FBC3298F3F21003436E1 /* Build configuration list for PBXNativeTarget "Game App" */ = {
			isa = XCConfigurationList;
			buildConfigurations = (
				38C7FBC4298F3F21003436E1 /* Debug */,
				38C7FBC5298F3F21003436E1 /* Release */,
			);
			defaultConfigurationIsVisible = 0;
			defaultConfigurationName = Release;
		};
/* End XCConfigurationList section */
	};
	rootObject = 38C7FBA7298F3F1F003436E1 /* Project object */;
}
